<?xml version="1.0" encoding="utf-8"?>
<Project ToolsVersion="4.0" xmlns="http://schemas.microsoft.com/developer/msbuild/2003">
  <ItemGroup>
    <ClCompile Include="src\view\GameViewer.cpp">
      <Filter>View</Filter>
    </ClCompile>
    <ClCompile Include="src\controller\GameController.cpp">
      <Filter>Controller</Filter>
    </ClCompile>
    <ClCompile Include="src\model\GameModel.cpp">
      <Filter>Model</Filter>
    </ClCompile>
    <ClCompile Include="src\controller\SoundController.cpp">
      <Filter>Controller</Filter>
    </ClCompile>
    <ClCompile Include="src\controller\GameCore.cpp">
      <Filter>Controller</Filter>
    </ClCompile>
    <ClCompile Include="src\main.cpp">
      <Filter>src</Filter>
    </ClCompile>
    <ClCompile Include="src\view\GameInfoView.cpp">
      <Filter>View</Filter>
    </ClCompile>
    <ClCompile Include="src\model\GameRole.cpp">
      <Filter>Model</Filter>
    </ClCompile>
    <ClCompile Include="src\view\GameMainView.cpp">
      <Filter>View</Filter>
    </ClCompile>
    <ClCompile Include="src\model\GameScene.cpp">
      <Filter>Model</Filter>
    </ClCompile>
    <ClCompile Include="src\utility\RandomUtil.cpp">
      <Filter>utility</Filter>
    </ClCompile>
    <ClCompile Include="src\model\GameItem.cpp">
      <Filter>Model</Filter>
    </ClCompile>
    <ClCompile Include="src\model\BlackMarket.cpp">
      <Filter>Model</Filter>
    </ClCompile>
    <ClCompile Include="src\model\RailStation.cpp">
      <Filter>Model</Filter>
    </ClCompile>
    <ClCompile Include="src\view\RailStationView.cpp">
      <Filter>View</Filter>
    </ClCompile>
  </ItemGroup>
  <ItemGroup>
    <ClInclude Include="src\view\GameViewer.h">
      <Filter>View</Filter>
    </ClInclude>
    <ClInclude Include="src\controller\GameController.h">
      <Filter>Controller</Filter>
    </ClInclude>
    <ClInclude Include="src\model\GameModel.h">
      <Filter>Model</Filter>
    </ClInclude>
    <ClInclude Include="src\controller\SoundController.h">
      <Filter>Controller</Filter>
    </ClInclude>
    <ClInclude Include="src\controller\GameCore.h">
      <Filter>Controller</Filter>
    </ClInclude>
    <ClInclude Include="src\view\GameInfoView.h">
      <Filter>View</Filter>
    </ClInclude>
    <ClInclude Include="src\model\GameRole.h">
      <Filter>Model</Filter>
    </ClInclude>
    <ClInclude Include="src\view\GameMainView.h">
      <Filter>View</Filter>
    </ClInclude>
    <ClInclude Include="src\model\GameScene.h">
      <Filter>Model</Filter>
    </ClInclude>
    <ClInclude Include="src\utility\RandomUtil.h">
      <Filter>utility</Filter>
    </ClInclude>
    <ClInclude Include="src\model\GameItem.h">
      <Filter>Model</Filter>
    </ClInclude>
    <ClInclude Include="src\model\BlackMarket.h">
      <Filter>Model</Filter>
    </ClInclude>
    <ClInclude Include="src\model\RailStation.h">
      <Filter>Model</Filter>
    </ClInclude>
    <ClInclude Include="src\view\RailStationView.h">
      <Filter>View</Filter>
    </ClInclude>
  </ItemGroup>
  <ItemGroup>
    <Filter Include="View">
      <UniqueIdentifier>{e930809b-d86c-4d1a-b430-6372fe26224e}</UniqueIdentifier>
    </Filter>
    <Filter Include="Controller">
      <UniqueIdentifier>{f409fd55-11c0-4104-b68b-0c449ae46753}</UniqueIdentifier>
    </Filter>
    <Filter Include="Model">
      <UniqueIdentifier>{a13daad1-3af0-4edd-b209-4371bfe7f083}</UniqueIdentifier>
    </Filter>
    <Filter Include="src">
      <UniqueIdentifier>{cbc762a5-e284-41e6-adee-2d50a9b78aee}</UniqueIdentifier>
    </Filter>
    <Filter Include="utility">
      <UniqueIdentifier>{0803e8fb-0127-405a-9060-4609827c53a5}</UniqueIdentifier>
    </Filter>
  </ItemGroup>
</Project>